
Microsoft Visual Studio Solution File, Format Version 12.00
# Visual Studio Version 16
VisualStudioVersion = 16.0.29613.14
MinimumVisualStudioVersion = 10.0.40219.1
Project("{FAE04EC0-301F-11D3-BF4B-00C04F79EFBC}") = "WestBARConversion", "WestBARConversion\WestBARConversion.csproj", "{99649F6A-FBB7-4394-9437-484E8A97D498}"
EndProject
Project("{FAE04EC0-301F-11D3-BF4B-00C04F79EFBC}") = "MeditechLibrary", "..\..\MeditechLibrary\MeditechLibrary.csproj", "{FDFC27E5-8DA4-440C-9627-EB14D0E05AE4}"
EndProject
Global
	GlobalSection(SolutionConfigurationPlatforms) = preSolution
		Debug|Any CPU = Debug|Any CPU
		Release|Any CPU = Release|Any CPU
	EndGlobalSection
	GlobalSection(ProjectConfigurationPlatforms) = postSolution
		{99649F6A-FBB7-4394-9437-484E8A97D498}.Debug|Any CPU.ActiveCfg = Debug|Any CPU
		{99649F6A-FBB7-4394-9437-484E8A97D498}.Debug|Any CPU.Build.0 = Debug|Any CPU
		{99649F6A-FBB7-4394-9437-484E8A97D498}.Release|Any CPU.ActiveCfg = Release|Any CPU
		{99649F6A-FBB7-4394-9437-484E8A97D498}.Release|Any CPU.Build.0 = Release|Any CPU
		{FDFC27E5-8DA4-440C-9627-EB14D0E05AE4}.Debug|Any CPU.ActiveCfg = Debug|Any CPU
		{FDFC27E5-8DA4-440C-9627-EB14D0E05AE4}.Debug|Any CPU.Build.0 = Debug|Any CPU
		{FDFC27E5-8DA4-440C-9627-EB14D0E05AE4}.Release|Any CPU.ActiveCfg = Release|Any CPU
		{FDFC27E5-8DA4-440C-9627-EB14D0E05AE4}.Release|Any CPU.Build.0 = Release|Any CPU
	EndGlobalSection
	GlobalSection(SolutionProperties) = preSolution
		HideSolutionNode = FALSE
	EndGlobalSection
	GlobalSection(ExtensibilityGlobals) = postSolution
		SolutionGuid = {1EBEC4F8-D30A-4694-BB2B-A5E4CBB9403C}
	EndGlobalSection
EndGlobal
